// !$*UTF8*$!
{
	archiveVersion = 1;
	classes = {
	};
	objectVersion = 55;
	objects = {

/* Begin PBXBuildFile section */
		ADD8CF722AD6A81C007D39F4 /* AppDelegate.swift in Sources */ = {isa = PBXBuildFile; fileRef = ADD8CF712AD6A81C007D39F4 /* AppDelegate.swift */; };
		ADD8CF742AD6A81C007D39F4 /* SceneDelegate.swift in Sources */ = {isa = PBXBuildFile; fileRef = ADD8CF732AD6A81C007D39F4 /* SceneDelegate.swift */; };
		ADD8CF762AD6A81C007D39F4 /* ViewController.swift in Sources */ = {isa = PBXBuildFile; fileRef = ADD8CF752AD6A81C007D39F4 /* ViewController.swift */; };
		ADD8CF792AD6A81D007D39F4 /* Main.storyboard in Resources */ = {isa = PBXBuildFile; fileRef = ADD8CF772AD6A81D007D39F4 /* Main.storyboard */; };
		ADD8CF7B2AD6A81F007D39F4 /* Assets.xcassets in Resources */ = {isa = PBXBuildFile; fileRef = ADD8CF7A2AD6A81F007D39F4 /* Assets.xcassets */; };
		ADD8CF7E2AD6A81F007D39F4 /* LaunchScreen.storyboard in Resources */ = {isa = PBXBuildFile; fileRef = ADD8CF7C2AD6A81F007D39F4 /* LaunchScreen.storyboard */; };
/* End PBXBuildFile section */

/* Begin PBXContainerItemProxy section */
		ADD8CF852AD6A81F007D39F4 /* PBXContainerItemProxy */ = {
			isa = PBXContainerItemProxy;
			containerPortal = ADD8CF662AD6A81C007D39F4 /* Project object */;
			proxyType = 1;
			remoteGlobalIDString = ADD8CF6D2AD6A81C007D39F4;
			remoteInfo = HelloCam;
		};
		ADD8CF8F2AD6A820007D39F4 /* PBXContainerItemProxy */ = {
			isa = PBXContainerItemProxy;
			containerPortal = ADD8CF662AD6A81C007D39F4 /* Project object */;
			proxyType = 1;
			remoteGlobalIDString = ADD8CF6D2AD6A81C007D39F4;
			remoteInfo = HelloCam;
		};
/* End PBXContainerItemProxy section */

/* Begin PBXFileReference section */
		ADD8CF6E2AD6A81C007D39F4 /* HelloCam.app */ = {isa = PBXFileReference; explicitFileType = wrapper.application; includeInIndex = 0; path = HelloCam.app; sourceTree = BUILT_PRODUCTS_DIR; };
		ADD8CF712AD6A81C007D39F4 /* AppDelegate.swift */ = {isa = PBXFileReference; lastKnownFileType = sourcecode.swift; path = AppDelegate.swift; sourceTree = "<group>"; };
		ADD8CF732AD6A81C007D39F4 /* SceneDelegate.swift */ = {isa = PBXFileReference; lastKnownFileType = sourcecode.swift; path = SceneDelegate.swift; sourceTree = "<group>"; };
		ADD8CF752AD6A81C007D39F4 /* ViewController.swift */ = {isa = PBXFileReference; lastKnownFileType = sourcecode.swift; path = ViewController.swift; sourceTree = "<group>"; };
		ADD8CF782AD6A81D007D39F4 /* Base */ = {isa = PBXFileReference; lastKnownFileType = file.storyboard; name = Base; path = Base.lproj/Main.storyboard; sourceTree = "<group>"; };
		ADD8CF7A2AD6A81F007D39F4 /* Assets.xcassets */ = {isa = PBXFileReference; lastKnownFileType = folder.assetcatalog; path = Assets.xcassets; sourceTree = "<group>"; };
		ADD8CF7D2AD6A81F007D39F4 /* Base */ = {isa = PBXFileReference; lastKnownFileType = file.storyboard; name = Base; path = Base.lproj/LaunchScreen.storyboard; sourceTree = "<group>"; };
		ADD8CF7F2AD6A81F007D39F4 /* Info.plist */ = {isa = PBXFileReference; lastKnownFileType = text.plist.xml; path = Info.plist; sourceTree = "<group>"; };
		ADD8CF842AD6A81F007D39F4 /* HelloCamTests.xctest */ = {isa = PBXFileReference; explicitFileType = wrapper.cfbundle; includeInIndex = 0; path = HelloCamTests.xctest; sourceTree = BUILT_PRODUCTS_DIR; };
		ADD8CF8E2AD6A820007D39F4 /* HelloCamUITests.xctest */ = {isa = PBXFileReference; explicitFileType = wrapper.cfbundle; includeInIndex = 0; path = HelloCamUITests.xctest; sourceTree = BUILT_PRODUCTS_DIR; };
/* End PBXFileReference section */

/* Begin PBXFrameworksBuildPhase section */
		ADD8CF6B2AD6A81C007D39F4 /* Frameworks */ = {
			isa = PBXFrameworksBuildPhase;
			buildActionMask = 2147483647;
			files = (
			);
			runOnlyForDeploymentPostprocessing = 0;
		};
		ADD8CF812AD6A81F007D39F4 /* Frameworks */ = {
			isa = PBXFrameworksBuildPhase;
			buildActionMask = 2147483647;
			files = (
			);
			runOnlyForDeploymentPostprocessing = 0;
		};
		ADD8CF8B2AD6A820007D39F4 /* Frameworks */ = {
			isa = PBXFrameworksBuildPhase;
			buildActionMask = 2147483647;
			files = (
			);
			runOnlyForDeploymentPostprocessing = 0;
		};
/* End PBXFrameworksBuildPhase section */

/* Begin PBXGroup section */
		ADD8CF652AD6A81C007D39F4 = {
			isa = PBXGroup;
			children = (
				ADD8CF702AD6A81C007D39F4 /* HelloCam */,
				ADD8CF6F2AD6A81C007D39F4 /* Products */,
			);
			sourceTree = "<group>";
		};
		ADD8CF6F2AD6A81C007D39F4 /* Products */ = {
			isa = PBXGroup;
			children = (
				ADD8CF6E2AD6A81C007D39F4 /* HelloCam.app */,
				ADD8CF842AD6A81F007D39F4 /* HelloCamTests.xctest */,
				ADD8CF8E2AD6A820007D39F4 /* HelloCamUITests.xctest */,
			);
			name = Products;
			sourceTree = "<group>";
		};
		ADD8CF702AD6A81C007D39F4 /* HelloCam */ = {
			isa = PBXGroup;
			children = (
				ADD8CF712AD6A81C007D39F4 /* AppDelegate.swift */,
				ADD8CF732AD6A81C007D39F4 /* SceneDelegate.swift */,
				ADD8CF752AD6A81C007D39F4 /* ViewController.swift */,
				ADD8CF772AD6A81D007D39F4 /* Main.storyboard */,
				ADD8CF7A2AD6A81F007D39F4 /* Assets.xcassets */,
				ADD8CF7C2AD6A81F007D39F4 /* LaunchScreen.storyboard */,
				ADD8CF7F2AD6A81F007D39F4 /* Info.plist */,
			);
			path = HelloCam;
			sourceTree = "<group>";
		};
/* End PBXGroup section */

/* Begin PBXNativeTarget section */
		ADD8CF6D2AD6A81C007D39F4 /* HelloCam */ = {
			isa = PBXNativeTarget;
			buildConfigurationList = ADD8CF982AD6A820007D39F4 /* Build configuration list for PBXNativeTarget "HelloCam" */;
			buildPhases = (
				ADD8CF6A2AD6A81C007D39F4 /* Sources */,
				ADD8CF6B2AD6A81C007D39F4 /* Frameworks */,
				ADD8CF6C2AD6A81C007D39F4 /* Resources */,
			);
			buildRules = (
			);
			dependencies = (
			);
			name = HelloCam;
			productName = HelloCam;
			productReference = ADD8CF6E2AD6A81C007D39F4 /* HelloCam.app */;
			productType = "com.apple.product-type.application";
		};
		ADD8CF832AD6A81F007D39F4 /* HelloCamTests */ = {
			isa = PBXNativeTarget;
			buildConfigurationList = ADD8CF9B2AD6A820007D39F4 /* Build configuration list for PBXNativeTarget "HelloCamTests" */;
			buildPhases = (
				ADD8CF802AD6A81F007D39F4 /* Sources */,
				ADD8CF812AD6A81F007D39F4 /* Frameworks */,
				ADD8CF822AD6A81F007D39F4 /* Resources */,
			);
			buildRules = (
			);
			dependencies = (
				ADD8CF862AD6A81F007D39F4 /* PBXTargetDependency */,
			);
			name = HelloCamTests;
			productName = HelloCamTests;
			productReference = ADD8CF842AD6A81F007D39F4 /* HelloCamTests.xctest */;
			productType = "com.apple.product-type.bundle.unit-test";
		};
		ADD8CF8D2AD6A820007D39F4 /* HelloCamUITests */ = {
			isa = PBXNativeTarget;
			buildConfigurationList = ADD8CF9E2AD6A820007D39F4 /* Build configuration list for PBXNativeTarget "HelloCamUITests" */;
			buildPhases = (
				ADD8CF8A2AD6A820007D39F4 /* Sources */,
				ADD8CF8B2AD6A820007D39F4 /* Frameworks */,
				ADD8CF8C2AD6A820007D39F4 /* Resources */,
			);
			buildRules = (
			);
			dependencies = (
				ADD8CF902AD6A820007D39F4 /* PBXTargetDependency */,
			);
			name = HelloCamUITests;
			productName = HelloCamUITests;
			productReference = ADD8CF8E2AD6A820007D39F4 /* HelloCamUITests.xctest */;
			productType = "com.apple.product-type.bundle.ui-testing";
		};
/* End PBXNativeTarget section */

/* Begin PBXProject section */
		ADD8CF662AD6A81C007D39F4 /* Project object */ = {
			isa = PBXProject;
			attributes = {
				BuildIndependentTargetsInParallel = 1;
				LastSwiftUpdateCheck = 1340;
				LastUpgradeCheck = 1340;
				TargetAttributes = {
					ADD8CF6D2AD6A81C007D39F4 = {
						CreatedOnToolsVersion = 13.4.1;
					};
					ADD8CF832AD6A81F007D39F4 = {
						CreatedOnToolsVersion = 13.4.1;
						TestTargetID = ADD8CF6D2AD6A81C007D39F4;
					};
					ADD8CF8D2AD6A820007D39F4 = {
						CreatedOnToolsVersion = 13.4.1;
						TestTargetID = ADD8CF6D2AD6A81C007D39F4;
					};
				};
			};
			buildConfigurationList = ADD8CF692AD6A81C007D39F4 /* Build configuration list for PBXProject "HelloCam" */;
			compatibilityVersion = "Xcode 13.0";
			developmentRegion = en;
			hasScannedForEncodings = 0;
			knownRegions = (
				en,
				Base,
			);
			mainGroup = ADD8CF652AD6A81C007D39F4;
			productRefGroup = ADD8CF6F2AD6A81C007D39F4 /* Products */;
			projectDirPath = "";
			projectRoot = "";
			targets = (
				ADD8CF6D2AD6A81C007D39F4 /* HelloCam */,
				ADD8CF832AD6A81F007D39F4 /* HelloCamTests */,
				ADD8CF8D2AD6A820007D39F4 /* HelloCamUITests */,
			);
		};
/* End PBXProject section */

/* Begin PBXResourcesBuildPhase section */
		ADD8CF6C2AD6A81C007D39F4 /* Resources */ = {
			isa = PBXResourcesBuildPhase;
			buildActionMask = 2147483647;
			files = (
				ADD8CF7E2AD6A81F007D39F4 /* LaunchScreen.storyboard in Resources */,
				ADD8CF7B2AD6A81F007D39F4 /* Assets.xcassets in Resources */,
				ADD8CF792AD6A81D007D39F4 /* Main.storyboard in Resources */,
			);
			runOnlyForDeploymentPostprocessing = 0;
		};
		ADD8CF822AD6A81F007D39F4 /* Resources */ = {
			isa = PBXResourcesBuildPhase;
			buildActionMask = 2147483647;
			files = (
			);
			runOnlyForDeploymentPostprocessing = 0;
		};
		ADD8CF8C2AD6A820007D39F4 /* Resources */ = {
			isa = PBXResourcesBuildPhase;
			buildActionMask = 2147483647;
			files = (
			);
			runOnlyForDeploymentPostprocessing = 0;
		};
/* End PBXResourcesBuildPhase section */

/* Begin PBXSourcesBuildPhase section */
		ADD8CF6A2AD6A81C007D39F4 /* Sources */ = {
			isa = PBXSourcesBuildPhase;
			buildActionMask = 2147483647;
			files = (
				ADD8CF762AD6A81C007D39F4 /* ViewController.swift in Sources */,
				ADD8CF722AD6A81C007D39F4 /* AppDelegate.swift in Sources */,
				ADD8CF742AD6A81C007D39F4 /* SceneDelegate.swift in Sources */,
			);
			runOnlyForDeploymentPostprocessing = 0;
		};
		ADD8CF802AD6A81F007D39F4 /* Sources */ = {
			isa = PBXSourcesBuildPhase;
			buildActionMask = 2147483647;
			files = (
			);
			runOnlyForDeploymentPostprocessing = 0;
		};
		ADD8CF8A2AD6A820007D39F4 /* Sources */ = {
			isa = PBXSourcesBuildPhase;
			buildActionMask = 2147483647;
			files = (
			);
			runOnlyForDeploymentPostprocessing = 0;
		};
/* End PBXSourcesBuildPhase section */

/* Begin PBXTargetDependency section */
		ADD8CF862AD6A81F007D39F4 /* PBXTargetDependency */ = {
			isa = PBXTargetDependency;
			target = ADD8CF6D2AD6A81C007D39F4 /* HelloCam */;
			targetProxy = ADD8CF852AD6A81F007D39F4 /* PBXContainerItemProxy */;
		};
		ADD8CF902AD6A820007D39F4 /* PBXTargetDependency */ = {
			isa = PBXTargetDependency;
			target = ADD8CF6D2AD6A81C007D39F4 /* HelloCam */;
			targetProxy = ADD8CF8F2AD6A820007D39F4 /* PBXContainerItemProxy */;
		};
/* End PBXTargetDependency section */

/* Begin PBXVariantGroup section */
		ADD8CF772AD6A81D007D39F4 /* Main.storyboard */ = {
			isa = PBXVariantGroup;
			children = (
				ADD8CF782AD6A81D007D39F4 /* Base */,
			);
			name = Main.storyboard;
			sourceTree = "<group>";
		};
		ADD8CF7C2AD6A81F007D39F4 /* LaunchScreen.storyboard */ = {
			isa = PBXVariantGroup;
			children = (
				ADD8CF7D2AD6A81F007D39F4 /* Base */,
			);
			name = LaunchScreen.storyboard;
			sourceTree = "<group>";
		};
/* End PBXVariantGroup section */

/* Begin XCBuildConfiguration section */
		ADD8CF962AD6A820007D39F4 /* Debug */ = {
			isa = XCBuildConfiguration;
			buildSettings = {
				ALWAYS_SEARCH_USER_PATHS = NO;
				CLANG_ANALYZER_NONNULL = YES;
				CLANG_ANALYZER_NUMBER_OBJECT_CONVERSION = YES_AGGRESSIVE;
				CLANG_CXX_LANGUAGE_STANDARD = "gnu++17";
				CLANG_ENABLE_MODULES = YES;
				CLANG_ENABLE_OBJC_ARC = YES;
				CLANG_ENABLE_OBJC_WEAK = YES;
				CLANG_WARN_BLOCK_CAPTURE_AUTORELEASING = YES;
				CLANG_WARN_BOOL_CONVERSION = YES;
				CLANG_WARN_COMMA = YES;
				CLANG_WARN_CONSTANT_CONVERSION = YES;
				CLANG_WARN_DEPRECATED_OBJC_IMPLEMENTATIONS = YES;
				CLANG_WARN_DIRECT_OBJC_ISA_USAGE = YES_ERROR;
				CLANG_WARN_DOCUMENTATION_COMMENTS = YES;
				CLANG_WARN_EMPTY_BODY = YES;
				CLANG_WARN_ENUM_CONVERSION = YES;
				CLANG_WARN_INFINITE_RECURSION = YES;
				CLANG_WARN_INT_CONVERSION = YES;
				CLANG_WARN_NON_LITERAL_NULL_CONVERSION = YES;
				CLANG_WARN_OBJC_IMPLICIT_RETAIN_SELF = YES;
				CLANG_WARN_OBJC_LITERAL_CONVERSION = YES;
				CLANG_WARN_OBJC_ROOT_CLASS = YES_ERROR;
				CLANG_WARN_QUOTED_INCLUDE_IN_FRAMEWORK_HEADER = YES;
				CLANG_WARN_RANGE_LOOP_ANALYSIS = YES;
				CLANG_WARN_STRICT_PROTOTYPES = YES;
				CLANG_WARN_SUSPICIOUS_MOVE = YES;
				CLANG_WARN_UNGUARDED_AVAILABILITY = YES_AGGRESSIVE;
				CLANG_WARN_UNREACHABLE_CODE = YES;
				CLANG_WARN__DUPLICATE_METHOD_MATCH = YES;
				COPY_PHASE_STRIP = NO;
				DEBUG_INFORMATION_FORMAT = dwarf;
				ENABLE_STRICT_OBJC_MSGSEND = YES;
				ENABLE_TESTABILITY = YES;
				GCC_C_LANGUAGE_STANDARD = gnu11;
				GCC_DYNAMIC_NO_PIC = NO;
				GCC_NO_COMMON_BLOCKS = YES;
				GCC_OPTIMIZATION_LEVEL = 0;
				GCC_PREPROCESSOR_DEFINITIONS = (
					"DEBUG=1",
					"$(inherited)",
				);
				GCC_WARN_64_TO_32_BIT_CONVERSION = YES;
				GCC_WARN_ABOUT_RETURN_TYPE = YES_ERROR;
				GCC_WARN_UNDECLARED_SELECTOR = YES;
				GCC_WARN_UNINITIALIZED_AUTOS = YES_AGGRESSIVE;
				GCC_WARN_UNUSED_FUNCTION = YES;
				GCC_WARN_UNUSED_VARIABLE = YES;
				IPHONEOS_DEPLOYMENT_TARGET = 15.5;
				MTL_ENABLE_DEBUG_INFO = INCLUDE_SOURCE;
				MTL_FAST_MATH = YES;
				ONLY_ACTIVE_ARCH = YES;
				SDKROOT = iphoneos;
				SWIFT_ACTIVE_COMPILATION_CONDITIONS = DEBUG;
				SWIFT_OPTIMIZATION_LEVEL = "-Onone";
			};
			name = Debug;
		};
		ADD8CF972AD6A820007D39F4 /* Release */ = {
			isa = XCBuildConfiguration;
			buildSettings = {
				ALWAYS_SEARCH_USER_PATHS = NO;
				CLANG_ANALYZER_NONNULL = YES;
				CLANG_ANALYZER_NUMBER_OBJECT_CONVERSION = YES_AGGRESSIVE;
				CLANG_CXX_LANGUAGE_STANDARD = "gnu++17";
				CLANG_ENABLE_MODULES = YES;
				CLANG_ENABLE_OBJC_ARC = YES;
				CLANG_ENABLE_OBJC_WEAK = YES;
				CLANG_WARN_BLOCK_CAPTURE_AUTORELEASING = YES;
				CLANG_WARN_BOOL_CONVERSION = YES;
				CLANG_WARN_COMMA = YES;
				CLANG_WARN_CONSTANT_CONVERSION = YES;
				CLANG_WARN_DEPRECATED_OBJC_IMPLEMENTATIONS = YES;
				CLANG_WARN_DIRECT_OBJC_ISA_USAGE = YES_ERROR;
				CLANG_WARN_DOCUMENTATION_COMMENTS = YES;
				CLANG_WARN_EMPTY_BODY = YES;
				CLANG_WARN_ENUM_CONVERSION = YES;
				CLANG_WARN_INFINITE_RECURSION = YES;
				CLANG_WARN_INT_CONVERSION = YES;
				CLANG_WARN_NON_LITERAL_NULL_CONVERSION = YES;
				CLANG_WARN_OBJC_IMPLICIT_RETAIN_SELF = YES;
				CLANG_WARN_OBJC_LITERAL_CONVERSION = YES;
				CLANG_WARN_OBJC_ROOT_CLASS = YES_ERROR;
				CLANG_WARN_QUOTED_INCLUDE_IN_FRAMEWORK_HEADER = YES;
				CLANG_WARN_RANGE_LOOP_ANALYSIS = YES;
				CLANG_WARN_STRICT_PROTOTYPES = YES;
				CLANG_WARN_SUSPICIOUS_MOVE = YES;
				CLANG_WARN_UNGUARDED_AVAILABILITY = YES_AGGRESSIVE;
				CLANG_WARN_UNREACHABLE_CODE = YES;
				CLANG_WARN__DUPLICATE_METHOD_MATCH = YES;
				COPY_PHASE_STRIP = NO;
				DEBUG_INFORMATION_FORMAT = "dwarf-with-dsym";
				ENABLE_NS_ASSERTIONS = NO;
				ENABLE_STRICT_OBJC_MSGSEND = YES;
				GCC_C_LANGUAGE_STANDARD = gnu11;
				GCC_NO_COMMON_BLOCKS = YES;
				GCC_WARN_64_TO_32_BIT_CONVERSION = YES;
				GCC_WARN_ABOUT_RETURN_TYPE = YES_ERROR;
				GCC_WARN_UNDECLARED_SELECTOR = YES;
				GCC_WARN_UNINITIALIZED_AUTOS = YES_AGGRESSIVE;
				GCC_WARN_UNUSED_FUNCTION = YES;
				GCC_WARN_UNUSED_VARIABLE = YES;
				IPHONEOS_DEPLOYMENT_TARGET = 15.5;
				MTL_ENABLE_DEBUG_INFO = NO;
				MTL_FAST_MATH = YES;
				SDKROOT = iphoneos;
				SWIFT_COMPILATION_MODE = wholemodule;
				SWIFT_OPTIMIZATION_LEVEL = "-O";
				VALIDATE_PRODUCT = YES;
			};
			name = Release;
		};
		ADD8CF992AD6A820007D39F4 /* Debug */ = {
			isa = XCBuildConfiguration;
			buildSettings = {
				ASSETCATALOG_COMPILER_APPICON_NAME = AppIcon;
				ASSETCATALOG_COMPILER_GLOBAL_ACCENT_COLOR_NAME = AccentColor;
				CODE_SIGN_STYLE = Automatic;
				CURRENT_PROJECT_VERSION = 1;
				DEVELOPMENT_TEAM = HT94Y2D6B3;
				GENERATE_INFOPLIST_FILE = YES;
				INFOPLIST_FILE = HelloCam/Info.plist;
				INFOPLIST_KEY_UIApplicationSupportsIndirectInputEvents = YES;
				INFOPLIST_KEY_UILaunchStoryboardName = LaunchScreen;
				INFOPLIST_KEY_UIMainStoryboardFile = Main;
				INFOPLIST_KEY_UISupportedInterfaceOrientations_iPad = "UIInterfaceOrientationPortrait UIInterfaceOrientationPortraitUpsideDown UIInterfaceOrientationLandscapeLeft UIInterfaceOrientationLandscapeRight";
				INFOPLIST_KEY_UISupportedInterfaceOrientations_iPhone = "UIInterfaceOrientationPortrait UIInterfaceOrientationLandscapeLeft UIInterfaceOrientationLandscapeRight";
				LD_RUNPATH_SEARCH_PATHS = (
					"$(inherited)",
					"@executable_path/Frameworks",
				);
				MARKETING_VERSION = 1.0;
				PRODUCT_BUNDLE_IDENTIFIER = com.cameramadebyme.app.HelloCam;
				PRODUCT_NAME = "$(TARGET_NAME)";
				SWIFT_EMIT_LOC_STRINGS = YES;
				SWIFT_VERSION = 5.0;
				TARGETED_DEVICE_FAMILY = "1,2";
			};
			name = Debug;
		};
		ADD8CF9A2AD6A820007D39F4 /* Release */ = {
			isa = XCBuildConfiguration;
			buildSettings = {
				ASSETCATALOG_COMPILER_APPICON_NAME = AppIcon;
				ASSETCATALOG_COMPILER_GLOBAL_ACCENT_COLOR_NAME = AccentColor;
				CODE_SIGN_STYLE = Automatic;
				CURRENT_PROJECT_VERSION = 1;
				DEVELOPMENT_TEAM = HT94Y2D6B3;
				GENERATE_INFOPLIST_FILE = YES;
				INFOPLIST_FILE = HelloCam/Info.plist;
				INFOPLIST_KEY_UIApplicationSupportsIndirectInputEvents = YES;
				INFOPLIST_KEY_UILaunchStoryboardName = LaunchScreen;
				INFOPLIST_KEY_UIMainStoryboardFile = Main;
				INFOPLIST_KEY_UISupportedInterfaceOrientations_iPad = "UIInterfaceOrientationPortrait UIInterfaceOrientationPortraitUpsideDown UIInterfaceOrientationLandscapeLeft UIInterfaceOrientationLandscapeRight";
				INFOPLIST_KEY_UISupportedInterfaceOrientations_iPhone = "UIInterfaceOrientationPortrait UIInterfaceOrientationLandscapeLeft UIInterfaceOrientationLandscapeRight";
				LD_RUNPATH_SEARCH_PATHS = (
					"$(inherited)",
					"@executable_path/Frameworks",
				);
				MARKETING_VERSION = 1.0;
				PRODUCT_BUNDLE_IDENTIFIER = com.cameramadebyme.app.HelloCam;
				PRODUCT_NAME = "$(TARGET_NAME)";
				SWIFT_EMIT_LOC_STRINGS = YES;
				SWIFT_VERSION = 5.0;
				TARGETED_DEVICE_FAMILY = "1,2";
			};
			name = Release;
		};
		ADD8CF9C2AD6A820007D39F4 /* Debug */ = {
			isa = XCBuildConfiguration;
			buildSettings = {
				ALWAYS_EMBED_SWIFT_STANDARD_LIBRARIES = YES;
				BUNDLE_LOADER = "$(TEST_HOST)";
				CODE_SIGN_STYLE = Automatic;
				CURRENT_PROJECT_VERSION = 1;
				DEVELOPMENT_TEAM = HT94Y2D6B3;
				GENERATE_INFOPLIST_FILE = YES;
				IPHONEOS_DEPLOYMENT_TARGET = 15.5;
				MARKETING_VERSION = 1.0;
				PRODUCT_BUNDLE_IDENTIFIER = com.cameramadebyme.app.HelloCamTests;
				PRODUCT_NAME = "$(TARGET_NAME)";
				SWIFT_EMIT_LOC_STRINGS = NO;
				SWIFT_VERSION = 5.0;
				TARGETED_DEVICE_FAMILY = "1,2";
				TEST_HOST = "$(BUILT_PRODUCTS_DIR)/HelloCam.app/HelloCam";
			};
			name = Debug;
		};
		ADD8CF9D2AD6A820007D39F4 /* Release */ = {
			isa = XCBuildConfiguration;
			buildSettings = {
				ALWAYS_EMBED_SWIFT_STANDARD_LIBRARIES = YES;
				BUNDLE_LOADER = "$(TEST_HOST)";
				CODE_SIGN_STYLE = Automatic;
				CURRENT_PROJECT_VERSION = 1;
				DEVELOPMENT_TEAM = HT94Y2D6B3;
				GENERATE_INFOPLIST_FILE = YES;
				IPHONEOS_DEPLOYMENT_TARGET = 15.5;
				MARKETING_VERSION = 1.0;
				PRODUCT_BUNDLE_IDENTIFIER = com.cameramadebyme.app.HelloCamTests;
				PRODUCT_NAME = "$(TARGET_NAME)";
				SWIFT_EMIT_LOC_STRINGS = NO;
				SWIFT_VERSION = 5.0;
				TARGETED_DEVICE_FAMILY = "1,2";
				TEST_HOST = "$(BUILT_PRODUCTS_DIR)/HelloCam.app/HelloCam";
			};
			name = Release;
		};
		ADD8CF9F2AD6A820007D39F4 /* Debug */ = {
			isa = XCBuildConfiguration;
			buildSettings = {
				ALWAYS_EMBED_SWIFT_STANDARD_LIBRARIES = YES;
				CODE_SIGN_STYLE = Automatic;
				CURRENT_PROJECT_VERSION = 1;
				DEVELOPMENT_TEAM = HT94Y2D6B3;
				GENERATE_INFOPLIST_FILE = YES;
				MARKETING_VERSION = 1.0;
				PRODUCT_BUNDLE_IDENTIFIER = com.cameramadebyme.app.HelloCamUITests;
				PRODUCT_NAME = "$(TARGET_NAME)";
				SWIFT_EMIT_LOC_STRINGS = NO;
				SWIFT_VERSION = 5.0;
				TARGETED_DEVICE_FAMILY = "1,2";
				TEST_TARGET_NAME = HelloCam;
			};
			name = Debug;
		};
		ADD8CFA02AD6A820007D39F4 /* Release */ = {
			isa = XCBuildConfiguration;
			buildSettings = {
				ALWAYS_EMBED_SWIFT_STANDARD_LIBRARIES = YES;
				CODE_SIGN_STYLE = Automatic;
				CURRENT_PROJECT_VERSION = 1;
				DEVELOPMENT_TEAM = HT94Y2D6B3;
				GENERATE_INFOPLIST_FILE = YES;
				MARKETING_VERSION = 1.0;
				PRODUCT_BUNDLE_IDENTIFIER = com.cameramadebyme.app.HelloCamUITests;
				PRODUCT_NAME = "$(TARGET_NAME)";
				SWIFT_EMIT_LOC_STRINGS = NO;
				SWIFT_VERSION = 5.0;
				TARGETED_DEVICE_FAMILY = "1,2";
				TEST_TARGET_NAME = HelloCam;
			};
			name = Release;
		};
/* End XCBuildConfiguration section */

/* Begin XCConfigurationList section */
		ADD8CF692AD6A81C007D39F4 /* Build configuration list for PBXProject "HelloCam" */ = {
			isa = XCConfigurationList;
			buildConfigurations = (
				ADD8CF962AD6A820007D39F4 /* Debug */,
				ADD8CF972AD6A820007D39F4 /* Release */,
			);
			defaultConfigurationIsVisible = 0;
			defaultConfigurationName = Release;
		};
		ADD8CF982AD6A820007D39F4 /* Build configuration list for PBXNativeTarget "HelloCam" */ = {
			isa = XCConfigurationList;
			buildConfigurations = (
				ADD8CF992AD6A820007D39F4 /* Debug */,
				ADD8CF9A2AD6A820007D39F4 /* Release */,
			);
			defaultConfigurationIsVisible = 0;
			defaultConfigurationName = Release;
		};
		ADD8CF9B2AD6A820007D39F4 /* Build configuration list for PBXNativeTarget "HelloCamTests" */ = {
			isa = XCConfigurationList;
			buildConfigurations = (
				ADD8CF9C2AD6A820007D39F4 /* Debug */,
				ADD8CF9D2AD6A820007D39F4 /* Release */,
			);
			defaultConfigurationIsVisible = 0;
			defaultConfigurationName = Release;
		};
		ADD8CF9E2AD6A820007D39F4 /* Build configuration list for PBXNativeTarget "HelloCamUITests" */ = {
			isa = XCConfigurationList;
			buildConfigurations = (
				ADD8CF9F2AD6A820007D39F4 /* Debug */,
				ADD8CFA02AD6A820007D39F4 /* Release */,
			);
			defaultConfigurationIsVisible = 0;
			defaultConfigurationName = Release;
		};
/* End XCConfigurationList section */
	};
	rootObject = ADD8CF662AD6A81C007D39F4 /* Project object */;
}
